
Microsoft Visual Studio Solution File, Format Version 12.00
# Visual Studio Version 16
VisualStudioVersion = 16.0.30114.105
MinimumVisualStudioVersion = 10.0.40219.1
Project("{FAE04EC0-301F-11D3-BF4B-00C04F79EFBC}") = "WebApi", "WebApi\WebApi.csproj", "{9C195FD0-88AA-4EB6-9C99-2D022CFB0704}"
EndProject
Project("{FAE04EC0-301F-11D3-BF4B-00C04F79EFBC}") = "infrastructure", "infrastructure\infrastructure.csproj", "{337F7D10-FB2C-42BD-8E15-CEBD66522272}"
EndProject
Project("{FAE04EC0-301F-11D3-BF4B-00C04F79EFBC}") = "Application", "Application\Application.csproj", "{3F7C5CC4-46A2-4909-ACFE-6BFEE0CB6C4F}"
EndProject
Project("{FAE04EC0-301F-11D3-BF4B-00C04F79EFBC}") = "Domain", "Domain\Domain.csproj", "{72A96831-88D7-4DFB-A67E-77EB29FC521A}"
EndProject
Global
	GlobalSection(SolutionConfigurationPlatforms) = preSolution
		Debug|Any CPU = Debug|Any CPU
		Release|Any CPU = Release|Any CPU
	EndGlobalSection
	GlobalSection(SolutionProperties) = preSolution
		HideSolutionNode = FALSE
	EndGlobalSection
	GlobalSection(ProjectConfigurationPlatforms) = postSolution
		{9C195FD0-88AA-4EB6-9C99-2D022CFB0704}.Debug|Any CPU.ActiveCfg = Debug|Any CPU
		{9C195FD0-88AA-4EB6-9C99-2D022CFB0704}.Debug|Any CPU.Build.0 = Debug|Any CPU
		{9C195FD0-88AA-4EB6-9C99-2D022CFB0704}.Release|Any CPU.ActiveCfg = Release|Any CPU
		{9C195FD0-88AA-4EB6-9C99-2D022CFB0704}.Release|Any CPU.Build.0 = Release|Any CPU
		{337F7D10-FB2C-42BD-8E15-CEBD66522272}.Debug|Any CPU.ActiveCfg = Debug|Any CPU
		{337F7D10-FB2C-42BD-8E15-CEBD66522272}.Debug|Any CPU.Build.0 = Debug|Any CPU
		{337F7D10-FB2C-42BD-8E15-CEBD66522272}.Release|Any CPU.ActiveCfg = Release|Any CPU
		{337F7D10-FB2C-42BD-8E15-CEBD66522272}.Release|Any CPU.Build.0 = Release|Any CPU
		{3F7C5CC4-46A2-4909-ACFE-6BFEE0CB6C4F}.Debug|Any CPU.ActiveCfg = Debug|Any CPU
		{3F7C5CC4-46A2-4909-ACFE-6BFEE0CB6C4F}.Debug|Any CPU.Build.0 = Debug|Any CPU
		{3F7C5CC4-46A2-4909-ACFE-6BFEE0CB6C4F}.Release|Any CPU.ActiveCfg = Release|Any CPU
		{3F7C5CC4-46A2-4909-ACFE-6BFEE0CB6C4F}.Release|Any CPU.Build.0 = Release|Any CPU
		{72A96831-88D7-4DFB-A67E-77EB29FC521A}.Debug|Any CPU.ActiveCfg = Debug|Any CPU
		{72A96831-88D7-4DFB-A67E-77EB29FC521A}.Debug|Any CPU.Build.0 = Debug|Any CPU
		{72A96831-88D7-4DFB-A67E-77EB29FC521A}.Release|Any CPU.ActiveCfg = Release|Any CPU
		{72A96831-88D7-4DFB-A67E-77EB29FC521A}.Release|Any CPU.Build.0 = Release|Any CPU
	EndGlobalSection
EndGlobal
